
Microsoft Visual Studio Solution File, Format Version 12.00
# Visual Studio Version 16
VisualStudioVersion = 16.0.29509.3
MinimumVisualStudioVersion = 10.0.40219.1
Project("{FAE04EC0-301F-11D3-BF4B-00C04F79EFBC}") = "YahtzeOriginal", "YahzeeOriginal\YahtzeOriginal.csproj", "{1519852E-135A-4A0C-9DCC-97FB21014D23}"
EndProject
Project("{FAE04EC0-301F-11D3-BF4B-00C04F79EFBC}") = "TestableYahtze", "TestableYahtze\TestableYahtze.csproj", "{BB66BD4E-851D-4685-99C7-C20178729098}"
EndProject
Global
	GlobalSection(SolutionConfigurationPlatforms) = preSolution
		Debug|Any CPU = Debug|Any CPU
		Release|Any CPU = Release|Any CPU
	EndGlobalSection
	GlobalSection(ProjectConfigurationPlatforms) = postSolution
		{1519852E-135A-4A0C-9DCC-97FB21014D23}.Debug|Any CPU.ActiveCfg = Debug|Any CPU
		{1519852E-135A-4A0C-9DCC-97FB21014D23}.Debug|Any CPU.Build.0 = Debug|Any CPU
		{1519852E-135A-4A0C-9DCC-97FB21014D23}.Release|Any CPU.ActiveCfg = Release|Any CPU
		{1519852E-135A-4A0C-9DCC-97FB21014D23}.Release|Any CPU.Build.0 = Release|Any CPU
		{BB66BD4E-851D-4685-99C7-C20178729098}.Debug|Any CPU.ActiveCfg = Debug|Any CPU
		{BB66BD4E-851D-4685-99C7-C20178729098}.Debug|Any CPU.Build.0 = Debug|Any CPU
		{BB66BD4E-851D-4685-99C7-C20178729098}.Release|Any CPU.ActiveCfg = Release|Any CPU
		{BB66BD4E-851D-4685-99C7-C20178729098}.Release|Any CPU.Build.0 = Release|Any CPU
	EndGlobalSection
	GlobalSection(SolutionProperties) = preSolution
		HideSolutionNode = FALSE
	EndGlobalSection
	GlobalSection(ExtensibilityGlobals) = postSolution
		SolutionGuid = {A7AAFBDC-AF3A-40ED-A00D-2AA20FAE55DD}
	EndGlobalSection
EndGlobal
